
Microsoft Visual Studio Solution File, Format Version 12.00
# Visual Studio Version 17
VisualStudioVersion = 17.11.35303.130
MinimumVisualStudioVersion = 10.0.40219.1
Project("{2150E333-8FDC-42A3-9474-1A3956D46DE8}") = "Task0", "Task0", "{B1FE4BEC-A852-42F1-A4E9-4E5850286087}"
EndProject
Project("{9A19103F-16F7-4668-BE54-9A1E7A4F7556}") = "Tyuiu.TalalaevaAV.Sprint2.Task0.V15", "Tyuiu.TalalaevaAV.Sprint2.Task0.V15\Tyuiu.TalalaevaAV.Sprint2.Task0.V15.csproj", "{ABA90522-B066-4ADF-A9B1-7A6796B8D23F}"
EndProject
Project("{9A19103F-16F7-4668-BE54-9A1E7A4F7556}") = "Tyuiu.TalalaevaAV.Sprint2.Task0.V15.Lib", "Tyuiu.TalalaevaAV.Sprint2.Task0.V15.Lib\Tyuiu.TalalaevaAV.Sprint2.Task0.V15.Lib.csproj", "{50802870-DCE7-4C42-9F2D-CEB1C585E7CA}"
EndProject
Project("{9A19103F-16F7-4668-BE54-9A1E7A4F7556}") = "Tyuiu.TalalaevaAV.Sprint2.Task0.V15.Test", "Tyuiu.TalalaevaAV.Sprint2.Task0.V15.Test\Tyuiu.TalalaevaAV.Sprint2.Task0.V15.Test.csproj", "{EF8C0D06-D2AF-4CB3-BDFA-B67D34086B24}"
EndProject
Project("{2150E333-8FDC-42A3-9474-1A3956D46DE8}") = "Task1", "Task1", "{862DE3A9-30E1-4F1A-92BA-916CFB4FE28E}"
EndProject
Project("{9A19103F-16F7-4668-BE54-9A1E7A4F7556}") = "Tyuiu.TalalaevaAV.Sprint2.Task1.V28", "Tyuiu.TalalaevaAV.Sprint2.Task1.V28\Tyuiu.TalalaevaAV.Sprint2.Task1.V28.csproj", "{C3F51515-094E-4D19-A7BA-D6F26934A13D}"
EndProject
Project("{9A19103F-16F7-4668-BE54-9A1E7A4F7556}") = "Tyuiu.TalalaevaAV.Sprint2.Task1.V28.Lib", "Tyuiu.TalalaevaAV.Sprint2.Task1.V28.Lib\Tyuiu.TalalaevaAV.Sprint2.Task1.V28.Lib.csproj", "{156EDAAC-83C9-42A4-8CB6-557800228C30}"
EndProject
Project("{9A19103F-16F7-4668-BE54-9A1E7A4F7556}") = "Tyuiu.TalalaevaAV.Sprint2.Task1.V28.Test", "Tyuiu.TalalaevaAV.Sprint2.Task1.V28.Test\Tyuiu.TalalaevaAV.Sprint2.Task1.V28.Test.csproj", "{51969E60-3047-4FF6-86AE-49DA68DEFC7C}"
EndProject
Project("{2150E333-8FDC-42A3-9474-1A3956D46DE8}") = "Task2", "Task2", "{2B6E262B-A621-462E-9E70-762BD828F114}"
EndProject
Project("{9A19103F-16F7-4668-BE54-9A1E7A4F7556}") = "Tyuiu.TalalaevaAV.Sprint2.Task2.V13", "Tyuiu.TalalaevaAV.Sprint2.Task2.V13\Tyuiu.TalalaevaAV.Sprint2.Task2.V13.csproj", "{9148A417-8CB1-4E1F-B5AE-D4A3E5EBF4AB}"
EndProject
Project("{9A19103F-16F7-4668-BE54-9A1E7A4F7556}") = "Tyuiu.TalalaevaAV.Sprint2.Task2.V13.Lib", "Tyuiu.TalalaevaAV.Sprint2.Task2.V13.Lib\Tyuiu.TalalaevaAV.Sprint2.Task2.V13.Lib.csproj", "{388BE722-1B4F-4D02-BFD3-7A6AEBB4EB23}"
EndProject
Project("{9A19103F-16F7-4668-BE54-9A1E7A4F7556}") = "Tyuiu.TalalaevaAV.Sprint2.Task2.V13.Test", "Tyuiu.TalalaevaAV.Sprint2.Task2.V13.Test\Tyuiu.TalalaevaAV.Sprint2.Task2.V13.Test.csproj", "{E2CA074E-B332-490E-B48D-DAE6CAC99F0D}"
EndProject
Project("{2150E333-8FDC-42A3-9474-1A3956D46DE8}") = "Task3", "Task3", "{1FD36E7F-C728-418B-B914-868DC2ECA238}"
EndProject
Project("{9A19103F-16F7-4668-BE54-9A1E7A4F7556}") = "Tyuiu.TalalaevaAV.Sprint2.Task3.V17", "Tyuiu.TalalaevaAV.Sprint2.Task3.V17\Tyuiu.TalalaevaAV.Sprint2.Task3.V17.csproj", "{D13C8755-C306-4E67-9119-9141C28C54A4}"
EndProject
Project("{9A19103F-16F7-4668-BE54-9A1E7A4F7556}") = "Tyuiu.TalalaevaAV.Sprint2.Task3.V17.Lib", "Tyuiu.TalalaevaAV.Sprint2.Task3.V17.Lib\Tyuiu.TalalaevaAV.Sprint2.Task3.V17.Lib.csproj", "{D0BA546C-CE39-4130-9585-496AA41C21F7}"
EndProject
Project("{9A19103F-16F7-4668-BE54-9A1E7A4F7556}") = "Tyuiu.TalalaevaAV.Sprint2.Task3.V17.Test", "Tyuiu.TalalaevaAV.Sprint2.Task3.V17.Test\Tyuiu.TalalaevaAV.Sprint2.Task3.V17.Test.csproj", "{4286D3EE-0C79-47E0-BC5A-92EAEF600BA2}"
EndProject
Project("{2150E333-8FDC-42A3-9474-1A3956D46DE8}") = "Task4", "Task4", "{4906F33A-3478-4219-92EE-B125000285A1}"
EndProject
Project("{9A19103F-16F7-4668-BE54-9A1E7A4F7556}") = "Tyuiu.TalalaevaAV.Sprint2.Task4.V28", "Tyuiu.TalalaevaAV.Sprint2.Task4.V28\Tyuiu.TalalaevaAV.Sprint2.Task4.V28.csproj", "{703A3AAD-DEF2-4C34-AEB6-D5C367F26732}"
EndProject
Project("{9A19103F-16F7-4668-BE54-9A1E7A4F7556}") = "Tyuiu.TalalaevaAV.Sprint2.Task4.V28.Lib", "Tyuiu.TalalaevaAV.Sprint2.Task4.V28.Lib\Tyuiu.TalalaevaAV.Sprint2.Task4.V28.Lib.csproj", "{655C97F6-FEAF-48B6-9923-25FB736148FC}"
EndProject
Project("{9A19103F-16F7-4668-BE54-9A1E7A4F7556}") = "Tyuiu.TalalaevaAV.Sprint2.Task4.V28.Test", "Tyuiu.TalalaevaAV.Sprint2.Task4.V28.Test\Tyuiu.TalalaevaAV.Sprint2.Task4.V28.Test.csproj", "{1A213832-7D24-4071-9563-334607F659E9}"
EndProject
Project("{2150E333-8FDC-42A3-9474-1A3956D46DE8}") = "Task5", "Task5", "{4FBA1198-34EA-4B7C-8FD2-7F0980429605}"
EndProject
Project("{FAE04EC0-301F-11D3-BF4B-00C04F79EFBC}") = "Tyuiu.TalalaevaAV.Sprint2.Task5.V10", "Tyuiu.TalalaevaAV.Sprint2.Task5.V10\Tyuiu.TalalaevaAV.Sprint2.Task5.V10.csproj", "{48AFFB4A-BF56-4507-8E8C-B7FE82A41AA9}"
EndProject
Project("{FAE04EC0-301F-11D3-BF4B-00C04F79EFBC}") = "Tyuiu.TalalaevaAV.Sprint2.Task5.V10.Lib", "Tyuiu.TalalaevaAV.Sprint2.Task5.V10.Lib\Tyuiu.TalalaevaAV.Sprint2.Task5.V10.Lib.csproj", "{377B64AD-5D24-40C1-AF1E-F1145CBB1C60}"
EndProject
Project("{FAE04EC0-301F-11D3-BF4B-00C04F79EFBC}") = "Tyuiu.TalalaevaAV.Sprint2.Task5.V10.Test", "Tyuiu.TalalaevaAV.Sprint2.Task5.V10.Test\Tyuiu.TalalaevaAV.Sprint2.Task5.V10.Test.csproj", "{83E8A56C-ECB0-483F-91BA-70A0276F9D87}"
EndProject
Project("{2150E333-8FDC-42A3-9474-1A3956D46DE8}") = "Task6", "Task6", "{77D1EC90-CAD8-47AA-AEC1-66F627D9E5DC}"
EndProject
Project("{FAE04EC0-301F-11D3-BF4B-00C04F79EFBC}") = "Tyuiu.TalalaevaAV.Sprint2.Task6.V3", "Tyuiu.TalalaevaAV.Sprint2.Task6.V3\Tyuiu.TalalaevaAV.Sprint2.Task6.V3.csproj", "{8ED680AE-AB46-47CD-AEE7-39AAC647CB9D}"
EndProject
Project("{FAE04EC0-301F-11D3-BF4B-00C04F79EFBC}") = "Tyuiu.TalalaevaAV.Sprint2.Task6.V3.Lib", "Tyuiu.TalalaevaAV.Sprint2.Task6.V3.Lib\Tyuiu.TalalaevaAV.Sprint2.Task6.V3.Lib.csproj", "{68C3C399-B28B-4F6F-904A-3DA377DFB34A}"
EndProject
Project("{FAE04EC0-301F-11D3-BF4B-00C04F79EFBC}") = "Tyuiu.TalalaevaAV.Sprint2.Task6.V3.Test", "Tyuiu.TalalaevaAV.Sprint2.Task6.V3.Test\Tyuiu.TalalaevaAV.Sprint2.Task6.V3.Test.csproj", "{1D041D6D-BF9C-417F-B5AD-5088708FE0A9}"
EndProject
Project("{2150E333-8FDC-42A3-9474-1A3956D46DE8}") = "Task7", "Task7", "{9A699A7A-1F68-4E4C-918B-A8F86F02B0B8}"
EndProject
Project("{FAE04EC0-301F-11D3-BF4B-00C04F79EFBC}") = "Tyuiu.TalalaevaAV.Sprint2.Task7.V11", "Tyuiu.TalalaevaAV.Sprint2.Task7.V11\Tyuiu.TalalaevaAV.Sprint2.Task7.V11.csproj", "{E1CC2DC1-2880-405F-9C50-BB2E267B723B}"
EndProject
Project("{FAE04EC0-301F-11D3-BF4B-00C04F79EFBC}") = "Tyuiu.TalalaevaAV.Sprint2.Task7.V11.Lib", "Tyuiu.TalalaevaAV.Sprint2.Task7.V11.Lib\Tyuiu.TalalaevaAV.Sprint2.Task7.V11.Lib.csproj", "{602587B4-5A61-45E0-9B93-305ACB1A3744}"
EndProject
Project("{FAE04EC0-301F-11D3-BF4B-00C04F79EFBC}") = "Tyuiu.TalalaevaAV.Sprint2.Task7.V11.Test", "Tyuiu.TalalaevaAV.Sprint2.Task7.V11.Test\Tyuiu.TalalaevaAV.Sprint2.Task7.V11.Test.csproj", "{328D15B3-0AA6-4D55-86FE-9C6B5049AB57}"
EndProject
Global
	GlobalSection(SolutionConfigurationPlatforms) = preSolution
		Debug|Any CPU = Debug|Any CPU
		Release|Any CPU = Release|Any CPU
	EndGlobalSection
	GlobalSection(ProjectConfigurationPlatforms) = postSolution
		{ABA90522-B066-4ADF-A9B1-7A6796B8D23F}.Debug|Any CPU.ActiveCfg = Debug|Any CPU
		{ABA90522-B066-4ADF-A9B1-7A6796B8D23F}.Debug|Any CPU.Build.0 = Debug|Any CPU
		{ABA90522-B066-4ADF-A9B1-7A6796B8D23F}.Release|Any CPU.ActiveCfg = Release|Any CPU
		{ABA90522-B066-4ADF-A9B1-7A6796B8D23F}.Release|Any CPU.Build.0 = Release|Any CPU
		{50802870-DCE7-4C42-9F2D-CEB1C585E7CA}.Debug|Any CPU.ActiveCfg = Debug|Any CPU
		{50802870-DCE7-4C42-9F2D-CEB1C585E7CA}.Debug|Any CPU.Build.0 = Debug|Any CPU
		{50802870-DCE7-4C42-9F2D-CEB1C585E7CA}.Release|Any CPU.ActiveCfg = Release|Any CPU
		{50802870-DCE7-4C42-9F2D-CEB1C585E7CA}.Release|Any CPU.Build.0 = Release|Any CPU
		{EF8C0D06-D2AF-4CB3-BDFA-B67D34086B24}.Debug|Any CPU.ActiveCfg = Debug|Any CPU
		{EF8C0D06-D2AF-4CB3-BDFA-B67D34086B24}.Debug|Any CPU.Build.0 = Debug|Any CPU
		{EF8C0D06-D2AF-4CB3-BDFA-B67D34086B24}.Release|Any CPU.ActiveCfg = Release|Any CPU
		{EF8C0D06-D2AF-4CB3-BDFA-B67D34086B24}.Release|Any CPU.Build.0 = Release|Any CPU
		{C3F51515-094E-4D19-A7BA-D6F26934A13D}.Debug|Any CPU.ActiveCfg = Debug|Any CPU
		{C3F51515-094E-4D19-A7BA-D6F26934A13D}.Debug|Any CPU.Build.0 = Debug|Any CPU
		{C3F51515-094E-4D19-A7BA-D6F26934A13D}.Release|Any CPU.ActiveCfg = Release|Any CPU
		{C3F51515-094E-4D19-A7BA-D6F26934A13D}.Release|Any CPU.Build.0 = Release|Any CPU
		{156EDAAC-83C9-42A4-8CB6-557800228C30}.Debug|Any CPU.ActiveCfg = Debug|Any CPU
		{156EDAAC-83C9-42A4-8CB6-557800228C30}.Debug|Any CPU.Build.0 = Debug|Any CPU
		{156EDAAC-83C9-42A4-8CB6-557800228C30}.Release|Any CPU.ActiveCfg = Release|Any CPU
		{156EDAAC-83C9-42A4-8CB6-557800228C30}.Release|Any CPU.Build.0 = Release|Any CPU
		{51969E60-3047-4FF6-86AE-49DA68DEFC7C}.Debug|Any CPU.ActiveCfg = Debug|Any CPU
		{51969E60-3047-4FF6-86AE-49DA68DEFC7C}.Debug|Any CPU.Build.0 = Debug|Any CPU
		{51969E60-3047-4FF6-86AE-49DA68DEFC7C}.Release|Any CPU.ActiveCfg = Release|Any CPU
		{51969E60-3047-4FF6-86AE-49DA68DEFC7C}.Release|Any CPU.Build.0 = Release|Any CPU
		{9148A417-8CB1-4E1F-B5AE-D4A3E5EBF4AB}.Debug|Any CPU.ActiveCfg = Debug|Any CPU
		{9148A417-8CB1-4E1F-B5AE-D4A3E5EBF4AB}.Debug|Any CPU.Build.0 = Debug|Any CPU
		{9148A417-8CB1-4E1F-B5AE-D4A3E5EBF4AB}.Release|Any CPU.ActiveCfg = Release|Any CPU
		{9148A417-8CB1-4E1F-B5AE-D4A3E5EBF4AB}.Release|Any CPU.Build.0 = Release|Any CPU
		{388BE722-1B4F-4D02-BFD3-7A6AEBB4EB23}.Debug|Any CPU.ActiveCfg = Debug|Any CPU
		{388BE722-1B4F-4D02-BFD3-7A6AEBB4EB23}.Debug|Any CPU.Build.0 = Debug|Any CPU
		{388BE722-1B4F-4D02-BFD3-7A6AEBB4EB23}.Release|Any CPU.ActiveCfg = Release|Any CPU
		{388BE722-1B4F-4D02-BFD3-7A6AEBB4EB23}.Release|Any CPU.Build.0 = Release|Any CPU
		{E2CA074E-B332-490E-B48D-DAE6CAC99F0D}.Debug|Any CPU.ActiveCfg = Debug|Any CPU
		{E2CA074E-B332-490E-B48D-DAE6CAC99F0D}.Debug|Any CPU.Build.0 = Debug|Any CPU
		{E2CA074E-B332-490E-B48D-DAE6CAC99F0D}.Release|Any CPU.ActiveCfg = Release|Any CPU
		{E2CA074E-B332-490E-B48D-DAE6CAC99F0D}.Release|Any CPU.Build.0 = Release|Any CPU
		{D13C8755-C306-4E67-9119-9141C28C54A4}.Debug|Any CPU.ActiveCfg = Debug|Any CPU
		{D13C8755-C306-4E67-9119-9141C28C54A4}.Debug|Any CPU.Build.0 = Debug|Any CPU
		{D13C8755-C306-4E67-9119-9141C28C54A4}.Release|Any CPU.ActiveCfg = Release|Any CPU
		{D13C8755-C306-4E67-9119-9141C28C54A4}.Release|Any CPU.Build.0 = Release|Any CPU
		{D0BA546C-CE39-4130-9585-496AA41C21F7}.Debug|Any CPU.ActiveCfg = Debug|Any CPU
		{D0BA546C-CE39-4130-9585-496AA41C21F7}.Debug|Any CPU.Build.0 = Debug|Any CPU
		{D0BA546C-CE39-4130-9585-496AA41C21F7}.Release|Any CPU.ActiveCfg = Release|Any CPU
		{D0BA546C-CE39-4130-9585-496AA41C21F7}.Release|Any CPU.Build.0 = Release|Any CPU
		{4286D3EE-0C79-47E0-BC5A-92EAEF600BA2}.Debug|Any CPU.ActiveCfg = Debug|Any CPU
		{4286D3EE-0C79-47E0-BC5A-92EAEF600BA2}.Debug|Any CPU.Build.0 = Debug|Any CPU
		{4286D3EE-0C79-47E0-BC5A-92EAEF600BA2}.Release|Any CPU.ActiveCfg = Release|Any CPU
		{4286D3EE-0C79-47E0-BC5A-92EAEF600BA2}.Release|Any CPU.Build.0 = Release|Any CPU
		{703A3AAD-DEF2-4C34-AEB6-D5C367F26732}.Debug|Any CPU.ActiveCfg = Debug|Any CPU
		{703A3AAD-DEF2-4C34-AEB6-D5C367F26732}.Debug|Any CPU.Build.0 = Debug|Any CPU
		{703A3AAD-DEF2-4C34-AEB6-D5C367F26732}.Release|Any CPU.ActiveCfg = Release|Any CPU
		{703A3AAD-DEF2-4C34-AEB6-D5C367F26732}.Release|Any CPU.Build.0 = Release|Any CPU
		{655C97F6-FEAF-48B6-9923-25FB736148FC}.Debug|Any CPU.ActiveCfg = Debug|Any CPU
		{655C97F6-FEAF-48B6-9923-25FB736148FC}.Debug|Any CPU.Build.0 = Debug|Any CPU
		{655C97F6-FEAF-48B6-9923-25FB736148FC}.Release|Any CPU.ActiveCfg = Release|Any CPU
		{655C97F6-FEAF-48B6-9923-25FB736148FC}.Release|Any CPU.Build.0 = Release|Any CPU
		{1A213832-7D24-4071-9563-334607F659E9}.Debug|Any CPU.ActiveCfg = Debug|Any CPU
		{1A213832-7D24-4071-9563-334607F659E9}.Debug|Any CPU.Build.0 = Debug|Any CPU
		{1A213832-7D24-4071-9563-334607F659E9}.Release|Any CPU.ActiveCfg = Release|Any CPU
		{1A213832-7D24-4071-9563-334607F659E9}.Release|Any CPU.Build.0 = Release|Any CPU
		{48AFFB4A-BF56-4507-8E8C-B7FE82A41AA9}.Debug|Any CPU.ActiveCfg = Debug|Any CPU
		{48AFFB4A-BF56-4507-8E8C-B7FE82A41AA9}.Debug|Any CPU.Build.0 = Debug|Any CPU
		{48AFFB4A-BF56-4507-8E8C-B7FE82A41AA9}.Release|Any CPU.ActiveCfg = Release|Any CPU
		{48AFFB4A-BF56-4507-8E8C-B7FE82A41AA9}.Release|Any CPU.Build.0 = Release|Any CPU
		{377B64AD-5D24-40C1-AF1E-F1145CBB1C60}.Debug|Any CPU.ActiveCfg = Debug|Any CPU
		{377B64AD-5D24-40C1-AF1E-F1145CBB1C60}.Debug|Any CPU.Build.0 = Debug|Any CPU
		{377B64AD-5D24-40C1-AF1E-F1145CBB1C60}.Release|Any CPU.ActiveCfg = Release|Any CPU
		{377B64AD-5D24-40C1-AF1E-F1145CBB1C60}.Release|Any CPU.Build.0 = Release|Any CPU
		{83E8A56C-ECB0-483F-91BA-70A0276F9D87}.Debug|Any CPU.ActiveCfg = Debug|Any CPU
		{83E8A56C-ECB0-483F-91BA-70A0276F9D87}.Debug|Any CPU.Build.0 = Debug|Any CPU
		{83E8A56C-ECB0-483F-91BA-70A0276F9D87}.Release|Any CPU.ActiveCfg = Release|Any CPU
		{83E8A56C-ECB0-483F-91BA-70A0276F9D87}.Release|Any CPU.Build.0 = Release|Any CPU
		{8ED680AE-AB46-47CD-AEE7-39AAC647CB9D}.Debug|Any CPU.ActiveCfg = Debug|Any CPU
		{8ED680AE-AB46-47CD-AEE7-39AAC647CB9D}.Debug|Any CPU.Build.0 = Debug|Any CPU
		{8ED680AE-AB46-47CD-AEE7-39AAC647CB9D}.Release|Any CPU.ActiveCfg = Release|Any CPU
		{8ED680AE-AB46-47CD-AEE7-39AAC647CB9D}.Release|Any CPU.Build.0 = Release|Any CPU
		{68C3C399-B28B-4F6F-904A-3DA377DFB34A}.Debug|Any CPU.ActiveCfg = Debug|Any CPU
		{68C3C399-B28B-4F6F-904A-3DA377DFB34A}.Debug|Any CPU.Build.0 = Debug|Any CPU
		{68C3C399-B28B-4F6F-904A-3DA377DFB34A}.Release|Any CPU.ActiveCfg = Release|Any CPU
		{68C3C399-B28B-4F6F-904A-3DA377DFB34A}.Release|Any CPU.Build.0 = Release|Any CPU
		{1D041D6D-BF9C-417F-B5AD-5088708FE0A9}.Debug|Any CPU.ActiveCfg = Debug|Any CPU
		{1D041D6D-BF9C-417F-B5AD-5088708FE0A9}.Debug|Any CPU.Build.0 = Debug|Any CPU
		{1D041D6D-BF9C-417F-B5AD-5088708FE0A9}.Release|Any CPU.ActiveCfg = Release|Any CPU
		{1D041D6D-BF9C-417F-B5AD-5088708FE0A9}.Release|Any CPU.Build.0 = Release|Any CPU
		{E1CC2DC1-2880-405F-9C50-BB2E267B723B}.Debug|Any CPU.ActiveCfg = Debug|Any CPU
		{E1CC2DC1-2880-405F-9C50-BB2E267B723B}.Debug|Any CPU.Build.0 = Debug|Any CPU
		{E1CC2DC1-2880-405F-9C50-BB2E267B723B}.Release|Any CPU.ActiveCfg = Release|Any CPU
		{E1CC2DC1-2880-405F-9C50-BB2E267B723B}.Release|Any CPU.Build.0 = Release|Any CPU
		{602587B4-5A61-45E0-9B93-305ACB1A3744}.Debug|Any CPU.ActiveCfg = Debug|Any CPU
		{602587B4-5A61-45E0-9B93-305ACB1A3744}.Debug|Any CPU.Build.0 = Debug|Any CPU
		{602587B4-5A61-45E0-9B93-305ACB1A3744}.Release|Any CPU.ActiveCfg = Release|Any CPU
		{602587B4-5A61-45E0-9B93-305ACB1A3744}.Release|Any CPU.Build.0 = Release|Any CPU
		{328D15B3-0AA6-4D55-86FE-9C6B5049AB57}.Debug|Any CPU.ActiveCfg = Debug|Any CPU
		{328D15B3-0AA6-4D55-86FE-9C6B5049AB57}.Debug|Any CPU.Build.0 = Debug|Any CPU
		{328D15B3-0AA6-4D55-86FE-9C6B5049AB57}.Release|Any CPU.ActiveCfg = Release|Any CPU
		{328D15B3-0AA6-4D55-86FE-9C6B5049AB57}.Release|Any CPU.Build.0 = Release|Any CPU
	EndGlobalSection
	GlobalSection(SolutionProperties) = preSolution
		HideSolutionNode = FALSE
	EndGlobalSection
	GlobalSection(NestedProjects) = preSolution
		{ABA90522-B066-4ADF-A9B1-7A6796B8D23F} = {B1FE4BEC-A852-42F1-A4E9-4E5850286087}
		{50802870-DCE7-4C42-9F2D-CEB1C585E7CA} = {B1FE4BEC-A852-42F1-A4E9-4E5850286087}
		{EF8C0D06-D2AF-4CB3-BDFA-B67D34086B24} = {B1FE4BEC-A852-42F1-A4E9-4E5850286087}
		{C3F51515-094E-4D19-A7BA-D6F26934A13D} = {862DE3A9-30E1-4F1A-92BA-916CFB4FE28E}
		{156EDAAC-83C9-42A4-8CB6-557800228C30} = {862DE3A9-30E1-4F1A-92BA-916CFB4FE28E}
		{51969E60-3047-4FF6-86AE-49DA68DEFC7C} = {862DE3A9-30E1-4F1A-92BA-916CFB4FE28E}
		{9148A417-8CB1-4E1F-B5AE-D4A3E5EBF4AB} = {2B6E262B-A621-462E-9E70-762BD828F114}
		{388BE722-1B4F-4D02-BFD3-7A6AEBB4EB23} = {2B6E262B-A621-462E-9E70-762BD828F114}
		{E2CA074E-B332-490E-B48D-DAE6CAC99F0D} = {2B6E262B-A621-462E-9E70-762BD828F114}
		{D13C8755-C306-4E67-9119-9141C28C54A4} = {1FD36E7F-C728-418B-B914-868DC2ECA238}
		{D0BA546C-CE39-4130-9585-496AA41C21F7} = {1FD36E7F-C728-418B-B914-868DC2ECA238}
		{4286D3EE-0C79-47E0-BC5A-92EAEF600BA2} = {1FD36E7F-C728-418B-B914-868DC2ECA238}
		{703A3AAD-DEF2-4C34-AEB6-D5C367F26732} = {4906F33A-3478-4219-92EE-B125000285A1}
		{655C97F6-FEAF-48B6-9923-25FB736148FC} = {4906F33A-3478-4219-92EE-B125000285A1}
		{1A213832-7D24-4071-9563-334607F659E9} = {4906F33A-3478-4219-92EE-B125000285A1}
		{48AFFB4A-BF56-4507-8E8C-B7FE82A41AA9} = {4FBA1198-34EA-4B7C-8FD2-7F0980429605}
		{377B64AD-5D24-40C1-AF1E-F1145CBB1C60} = {4FBA1198-34EA-4B7C-8FD2-7F0980429605}
		{83E8A56C-ECB0-483F-91BA-70A0276F9D87} = {4FBA1198-34EA-4B7C-8FD2-7F0980429605}
		{8ED680AE-AB46-47CD-AEE7-39AAC647CB9D} = {77D1EC90-CAD8-47AA-AEC1-66F627D9E5DC}
		{68C3C399-B28B-4F6F-904A-3DA377DFB34A} = {77D1EC90-CAD8-47AA-AEC1-66F627D9E5DC}
		{1D041D6D-BF9C-417F-B5AD-5088708FE0A9} = {77D1EC90-CAD8-47AA-AEC1-66F627D9E5DC}
		{E1CC2DC1-2880-405F-9C50-BB2E267B723B} = {9A699A7A-1F68-4E4C-918B-A8F86F02B0B8}
		{602587B4-5A61-45E0-9B93-305ACB1A3744} = {9A699A7A-1F68-4E4C-918B-A8F86F02B0B8}
		{328D15B3-0AA6-4D55-86FE-9C6B5049AB57} = {9A699A7A-1F68-4E4C-918B-A8F86F02B0B8}
	EndGlobalSection
	GlobalSection(ExtensibilityGlobals) = postSolution
		SolutionGuid = {69E0EBC7-1358-4A2C-B9E7-3B145F0A1B01}
	EndGlobalSection
EndGlobal
